
Microsoft Visual Studio Solution File, Format Version 12.00
# Visual Studio 15
VisualStudioVersion = 15.0.26124.0
MinimumVisualStudioVersion = 15.0.26124.0
Project("{9A19103F-16F7-4668-BE54-9A1E7A4F7556}") = "R5T.Soludas.Base.Construction", "R5T.Soludas.Base.Construction\R5T.Soludas.Base.Construction.csproj", "{56F9152C-59A0-4AE2-8A58-F028E1431296}"
EndProject
Project("{9A19103F-16F7-4668-BE54-9A1E7A4F7556}") = "R5T.Soludas.Base", "R5T.Soludas.Base\R5T.Soludas.Base.csproj", "{BCA7DE72-98CB-4B89-81BC-38BE59D22B2C}"
EndProject
Project("{2150E333-8FDC-42A3-9474-1A3956D46DE8}") = "_Dependencies", "_Dependencies", "{1E9BB176-7A3F-423C-A39C-26D5205A6501}"
EndProject
Project("{9A19103F-16F7-4668-BE54-9A1E7A4F7556}") = "R5T.Vandalia.Base", "..\..\R5T.Vandalia.Base\source\R5T.Vandalia.Base\R5T.Vandalia.Base.csproj", "{54F368C8-CE49-48DE-9CCD-5617AF3CD591}"
EndProject
Project("{9A19103F-16F7-4668-BE54-9A1E7A4F7556}") = "R5T.Cambridge.Types", "..\..\R5T.Cambridge.Types\source\R5T.Cambridge.Types\R5T.Cambridge.Types.csproj", "{71B6FF14-B346-46BC-83F7-E6A17D1CAA15}"
EndProject
Project("{FAE04EC0-301F-11D3-BF4B-00C04F79EFBC}") = "R5T.T0064", "..\..\R5T.T0064\source\R5T.T0064\R5T.T0064.csproj", "{7893DF7F-2FC8-4583-8F18-A7EF72E5DA97}"
EndProject
Global
	GlobalSection(SolutionConfigurationPlatforms) = preSolution
		Debug|Any CPU = Debug|Any CPU
		Debug|x64 = Debug|x64
		Debug|x86 = Debug|x86
		Release|Any CPU = Release|Any CPU
		Release|x64 = Release|x64
		Release|x86 = Release|x86
	EndGlobalSection
	GlobalSection(ProjectConfigurationPlatforms) = postSolution
		{56F9152C-59A0-4AE2-8A58-F028E1431296}.Debug|Any CPU.ActiveCfg = Debug|Any CPU
		{56F9152C-59A0-4AE2-8A58-F028E1431296}.Debug|Any CPU.Build.0 = Debug|Any CPU
		{56F9152C-59A0-4AE2-8A58-F028E1431296}.Debug|x64.ActiveCfg = Debug|Any CPU
		{56F9152C-59A0-4AE2-8A58-F028E1431296}.Debug|x64.Build.0 = Debug|Any CPU
		{56F9152C-59A0-4AE2-8A58-F028E1431296}.Debug|x86.ActiveCfg = Debug|Any CPU
		{56F9152C-59A0-4AE2-8A58-F028E1431296}.Debug|x86.Build.0 = Debug|Any CPU
		{56F9152C-59A0-4AE2-8A58-F028E1431296}.Release|Any CPU.ActiveCfg = Release|Any CPU
		{56F9152C-59A0-4AE2-8A58-F028E1431296}.Release|Any CPU.Build.0 = Release|Any CPU
		{56F9152C-59A0-4AE2-8A58-F028E1431296}.Release|x64.ActiveCfg = Release|Any CPU
		{56F9152C-59A0-4AE2-8A58-F028E1431296}.Release|x64.Build.0 = Release|Any CPU
		{56F9152C-59A0-4AE2-8A58-F028E1431296}.Release|x86.ActiveCfg = Release|Any CPU
		{56F9152C-59A0-4AE2-8A58-F028E1431296}.Release|x86.Build.0 = Release|Any CPU
		{BCA7DE72-98CB-4B89-81BC-38BE59D22B2C}.Debug|Any CPU.ActiveCfg = Debug|Any CPU
		{BCA7DE72-98CB-4B89-81BC-38BE59D22B2C}.Debug|Any CPU.Build.0 = Debug|Any CPU
		{BCA7DE72-98CB-4B89-81BC-38BE59D22B2C}.Debug|x64.ActiveCfg = Debug|Any CPU
		{BCA7DE72-98CB-4B89-81BC-38BE59D22B2C}.Debug|x64.Build.0 = Debug|Any CPU
		{BCA7DE72-98CB-4B89-81BC-38BE59D22B2C}.Debug|x86.ActiveCfg = Debug|Any CPU
		{BCA7DE72-98CB-4B89-81BC-38BE59D22B2C}.Debug|x86.Build.0 = Debug|Any CPU
		{BCA7DE72-98CB-4B89-81BC-38BE59D22B2C}.Release|Any CPU.ActiveCfg = Release|Any CPU
		{BCA7DE72-98CB-4B89-81BC-38BE59D22B2C}.Release|Any CPU.Build.0 = Release|Any CPU
		{BCA7DE72-98CB-4B89-81BC-38BE59D22B2C}.Release|x64.ActiveCfg = Release|Any CPU
		{BCA7DE72-98CB-4B89-81BC-38BE59D22B2C}.Release|x64.Build.0 = Release|Any CPU
		{BCA7DE72-98CB-4B89-81BC-38BE59D22B2C}.Release|x86.ActiveCfg = Release|Any CPU
		{BCA7DE72-98CB-4B89-81BC-38BE59D22B2C}.Release|x86.Build.0 = Release|Any CPU
		{54F368C8-CE49-48DE-9CCD-5617AF3CD591}.Debug|Any CPU.ActiveCfg = Debug|Any CPU
		{54F368C8-CE49-48DE-9CCD-5617AF3CD591}.Debug|Any CPU.Build.0 = Debug|Any CPU
		{54F368C8-CE49-48DE-9CCD-5617AF3CD591}.Debug|x64.ActiveCfg = Debug|Any CPU
		{54F368C8-CE49-48DE-9CCD-5617AF3CD591}.Debug|x64.Build.0 = Debug|Any CPU
		{54F368C8-CE49-48DE-9CCD-5617AF3CD591}.Debug|x86.ActiveCfg = Debug|Any CPU
		{54F368C8-CE49-48DE-9CCD-5617AF3CD591}.Debug|x86.Build.0 = Debug|Any CPU
		{54F368C8-CE49-48DE-9CCD-5617AF3CD591}.Release|Any CPU.ActiveCfg = Release|Any CPU
		{54F368C8-CE49-48DE-9CCD-5617AF3CD591}.Release|Any CPU.Build.0 = Release|Any CPU
		{54F368C8-CE49-48DE-9CCD-5617AF3CD591}.Release|x64.ActiveCfg = Release|Any CPU
		{54F368C8-CE49-48DE-9CCD-5617AF3CD591}.Release|x64.Build.0 = Release|Any CPU
		{54F368C8-CE49-48DE-9CCD-5617AF3CD591}.Release|x86.ActiveCfg = Release|Any CPU
		{54F368C8-CE49-48DE-9CCD-5617AF3CD591}.Release|x86.Build.0 = Release|Any CPU
		{71B6FF14-B346-46BC-83F7-E6A17D1CAA15}.Debug|Any CPU.ActiveCfg = Debug|Any CPU
		{71B6FF14-B346-46BC-83F7-E6A17D1CAA15}.Debug|Any CPU.Build.0 = Debug|Any CPU
		{71B6FF14-B346-46BC-83F7-E6A17D1CAA15}.Debug|x64.ActiveCfg = Debug|Any CPU
		{71B6FF14-B346-46BC-83F7-E6A17D1CAA15}.Debug|x64.Build.0 = Debug|Any CPU
		{71B6FF14-B346-46BC-83F7-E6A17D1CAA15}.Debug|x86.ActiveCfg = Debug|Any CPU
		{71B6FF14-B346-46BC-83F7-E6A17D1CAA15}.Debug|x86.Build.0 = Debug|Any CPU
		{71B6FF14-B346-46BC-83F7-E6A17D1CAA15}.Release|Any CPU.ActiveCfg = Release|Any CPU
		{71B6FF14-B346-46BC-83F7-E6A17D1CAA15}.Release|Any CPU.Build.0 = Release|Any CPU
		{71B6FF14-B346-46BC-83F7-E6A17D1CAA15}.Release|x64.ActiveCfg = Release|Any CPU
		{71B6FF14-B346-46BC-83F7-E6A17D1CAA15}.Release|x64.Build.0 = Release|Any CPU
		{71B6FF14-B346-46BC-83F7-E6A17D1CAA15}.Release|x86.ActiveCfg = Release|Any CPU
		{71B6FF14-B346-46BC-83F7-E6A17D1CAA15}.Release|x86.Build.0 = Release|Any CPU
		{7893DF7F-2FC8-4583-8F18-A7EF72E5DA97}.Debug|Any CPU.ActiveCfg = Debug|Any CPU
		{7893DF7F-2FC8-4583-8F18-A7EF72E5DA97}.Debug|Any CPU.Build.0 = Debug|Any CPU
		{7893DF7F-2FC8-4583-8F18-A7EF72E5DA97}.Debug|x64.ActiveCfg = Debug|Any CPU
		{7893DF7F-2FC8-4583-8F18-A7EF72E5DA97}.Debug|x64.Build.0 = Debug|Any CPU
		{7893DF7F-2FC8-4583-8F18-A7EF72E5DA97}.Debug|x86.ActiveCfg = Debug|Any CPU
		{7893DF7F-2FC8-4583-8F18-A7EF72E5DA97}.Debug|x86.Build.0 = Debug|Any CPU
		{7893DF7F-2FC8-4583-8F18-A7EF72E5DA97}.Release|Any CPU.ActiveCfg = Release|Any CPU
		{7893DF7F-2FC8-4583-8F18-A7EF72E5DA97}.Release|Any CPU.Build.0 = Release|Any CPU
		{7893DF7F-2FC8-4583-8F18-A7EF72E5DA97}.Release|x64.ActiveCfg = Release|Any CPU
		{7893DF7F-2FC8-4583-8F18-A7EF72E5DA97}.Release|x64.Build.0 = Release|Any CPU
		{7893DF7F-2FC8-4583-8F18-A7EF72E5DA97}.Release|x86.ActiveCfg = Release|Any CPU
		{7893DF7F-2FC8-4583-8F18-A7EF72E5DA97}.Release|x86.Build.0 = Release|Any CPU
	EndGlobalSection
	GlobalSection(SolutionProperties) = preSolution
		HideSolutionNode = FALSE
	EndGlobalSection
	GlobalSection(NestedProjects) = preSolution
		{54F368C8-CE49-48DE-9CCD-5617AF3CD591} = {1E9BB176-7A3F-423C-A39C-26D5205A6501}
		{71B6FF14-B346-46BC-83F7-E6A17D1CAA15} = {1E9BB176-7A3F-423C-A39C-26D5205A6501}
		{7893DF7F-2FC8-4583-8F18-A7EF72E5DA97} = {1E9BB176-7A3F-423C-A39C-26D5205A6501}
	EndGlobalSection
	GlobalSection(ExtensibilityGlobals) = postSolution
		SolutionGuid = {22E7D63F-98EC-4852-BB25-5C23CBC309E6}
	EndGlobalSection
EndGlobal
