
Microsoft Visual Studio Solution File, Format Version 12.00
# Visual Studio Version 16
VisualStudioVersion = 16.0.30114.105
MinimumVisualStudioVersion = 10.0.40219.1
Project("{FAE04EC0-301F-11D3-BF4B-00C04F79EFBC}") = "R5T.Soludas.Base", "R5T.Soludas.Base\R5T.Soludas.Base.csproj", "{3E6AEF3A-C170-4431-B5A1-854F817F5D72}"
EndProject
Project("{FAE04EC0-301F-11D3-BF4B-00C04F79EFBC}") = "R5T.Soludas.Base.Construction", "R5T.Soludas.Base.Construction\R5T.Soludas.Base.Construction.csproj", "{EF82EF17-8398-4B30-BB22-053FEDF48863}"
EndProject
Project("{2150E333-8FDC-42A3-9474-1A3956D46DE8}") = "_Dependencies", "_Dependencies", "{AF716F06-4E40-42BE-9AB6-315B654E2AD8}"
EndProject
Project("{FAE04EC0-301F-11D3-BF4B-00C04F79EFBC}") = "R5T.T0064", "..\..\R5T.T0064\source\R5T.T0064\R5T.T0064.csproj", "{EB8213F5-C01C-4EE9-B2ED-C038640EEB3D}"
EndProject
Global
	GlobalSection(SolutionConfigurationPlatforms) = preSolution
		Debug|Any CPU = Debug|Any CPU
		Debug|x64 = Debug|x64
		Debug|x86 = Debug|x86
		Release|Any CPU = Release|Any CPU
		Release|x64 = Release|x64
		Release|x86 = Release|x86
	EndGlobalSection
	GlobalSection(SolutionProperties) = preSolution
		HideSolutionNode = FALSE
	EndGlobalSection
	GlobalSection(ProjectConfigurationPlatforms) = postSolution
		{3E6AEF3A-C170-4431-B5A1-854F817F5D72}.Debug|Any CPU.ActiveCfg = Debug|Any CPU
		{3E6AEF3A-C170-4431-B5A1-854F817F5D72}.Debug|Any CPU.Build.0 = Debug|Any CPU
		{3E6AEF3A-C170-4431-B5A1-854F817F5D72}.Debug|x64.ActiveCfg = Debug|Any CPU
		{3E6AEF3A-C170-4431-B5A1-854F817F5D72}.Debug|x64.Build.0 = Debug|Any CPU
		{3E6AEF3A-C170-4431-B5A1-854F817F5D72}.Debug|x86.ActiveCfg = Debug|Any CPU
		{3E6AEF3A-C170-4431-B5A1-854F817F5D72}.Debug|x86.Build.0 = Debug|Any CPU
		{3E6AEF3A-C170-4431-B5A1-854F817F5D72}.Release|Any CPU.ActiveCfg = Release|Any CPU
		{3E6AEF3A-C170-4431-B5A1-854F817F5D72}.Release|Any CPU.Build.0 = Release|Any CPU
		{3E6AEF3A-C170-4431-B5A1-854F817F5D72}.Release|x64.ActiveCfg = Release|Any CPU
		{3E6AEF3A-C170-4431-B5A1-854F817F5D72}.Release|x64.Build.0 = Release|Any CPU
		{3E6AEF3A-C170-4431-B5A1-854F817F5D72}.Release|x86.ActiveCfg = Release|Any CPU
		{3E6AEF3A-C170-4431-B5A1-854F817F5D72}.Release|x86.Build.0 = Release|Any CPU
		{EF82EF17-8398-4B30-BB22-053FEDF48863}.Debug|Any CPU.ActiveCfg = Debug|Any CPU
		{EF82EF17-8398-4B30-BB22-053FEDF48863}.Debug|Any CPU.Build.0 = Debug|Any CPU
		{EF82EF17-8398-4B30-BB22-053FEDF48863}.Debug|x64.ActiveCfg = Debug|Any CPU
		{EF82EF17-8398-4B30-BB22-053FEDF48863}.Debug|x64.Build.0 = Debug|Any CPU
		{EF82EF17-8398-4B30-BB22-053FEDF48863}.Debug|x86.ActiveCfg = Debug|Any CPU
		{EF82EF17-8398-4B30-BB22-053FEDF48863}.Debug|x86.Build.0 = Debug|Any CPU
		{EF82EF17-8398-4B30-BB22-053FEDF48863}.Release|Any CPU.ActiveCfg = Release|Any CPU
		{EF82EF17-8398-4B30-BB22-053FEDF48863}.Release|Any CPU.Build.0 = Release|Any CPU
		{EF82EF17-8398-4B30-BB22-053FEDF48863}.Release|x64.ActiveCfg = Release|Any CPU
		{EF82EF17-8398-4B30-BB22-053FEDF48863}.Release|x64.Build.0 = Release|Any CPU
		{EF82EF17-8398-4B30-BB22-053FEDF48863}.Release|x86.ActiveCfg = Release|Any CPU
		{EF82EF17-8398-4B30-BB22-053FEDF48863}.Release|x86.Build.0 = Release|Any CPU
		{EB8213F5-C01C-4EE9-B2ED-C038640EEB3D}.Debug|Any CPU.ActiveCfg = Debug|Any CPU
		{EB8213F5-C01C-4EE9-B2ED-C038640EEB3D}.Debug|Any CPU.Build.0 = Debug|Any CPU
		{EB8213F5-C01C-4EE9-B2ED-C038640EEB3D}.Debug|x64.ActiveCfg = Debug|Any CPU
		{EB8213F5-C01C-4EE9-B2ED-C038640EEB3D}.Debug|x64.Build.0 = Debug|Any CPU
		{EB8213F5-C01C-4EE9-B2ED-C038640EEB3D}.Debug|x86.ActiveCfg = Debug|Any CPU
		{EB8213F5-C01C-4EE9-B2ED-C038640EEB3D}.Debug|x86.Build.0 = Debug|Any CPU
		{EB8213F5-C01C-4EE9-B2ED-C038640EEB3D}.Release|Any CPU.ActiveCfg = Release|Any CPU
		{EB8213F5-C01C-4EE9-B2ED-C038640EEB3D}.Release|Any CPU.Build.0 = Release|Any CPU
		{EB8213F5-C01C-4EE9-B2ED-C038640EEB3D}.Release|x64.ActiveCfg = Release|Any CPU
		{EB8213F5-C01C-4EE9-B2ED-C038640EEB3D}.Release|x64.Build.0 = Release|Any CPU
		{EB8213F5-C01C-4EE9-B2ED-C038640EEB3D}.Release|x86.ActiveCfg = Release|Any CPU
		{EB8213F5-C01C-4EE9-B2ED-C038640EEB3D}.Release|x86.Build.0 = Release|Any CPU
	EndGlobalSection
	GlobalSection(NestedProjects) = preSolution
		{EB8213F5-C01C-4EE9-B2ED-C038640EEB3D} = {AF716F06-4E40-42BE-9AB6-315B654E2AD8}
	EndGlobalSection
EndGlobal
